// !$*UTF8*$!
{
	archiveVersion = 1;
	classes = {
	};
	objectVersion = 51;
	objects = {

/* Begin PBXBuildFile section */
		5029F145AF08780B5160089D /* Pods_RecycleProject.framework in Frameworks */ = {isa = PBXBuildFile; fileRef = C9C22BC092EBB98058483472 /* Pods_RecycleProject.framework */; };
		BA47BBB4246ABD4B00218493 /* SettingsTableViewController.swift in Sources */ = {isa = PBXBuildFile; fileRef = BA47BBB3246ABD4B00218493 /* SettingsTableViewController.swift */; };
		BA47BBBA246B038000218493 /* RegionViewController.swift in Sources */ = {isa = PBXBuildFile; fileRef = BA47BBB9246B038000218493 /* RegionViewController.swift */; };
		BA47BBBC246B041800218493 /* Region.swift in Sources */ = {isa = PBXBuildFile; fileRef = BA47BBBB246B041800218493 /* Region.swift */; };
		BA47BBBE246B332500218493 /* Publisher.swift in Sources */ = {isa = PBXBuildFile; fileRef = BA47BBBD246B332500218493 /* Publisher.swift */; };
		BA47BBC6246B545B00218493 /* Settings.swift in Sources */ = {isa = PBXBuildFile; fileRef = BA47BBC5246B545B00218493 /* Settings.swift */; };
		BA47BBC8246B5CB400218493 /* PublisherViewController.swift in Sources */ = {isa = PBXBuildFile; fileRef = BA47BBC7246B5CB400218493 /* PublisherViewController.swift */; };
		BA7788DD2467485600545B8D /* NewsViewController.swift in Sources */ = {isa = PBXBuildFile; fileRef = BA7788DC2467485600545B8D /* NewsViewController.swift */; };
		BA7788E22467497500545B8D /* UserDefaults+Extension.swift in Sources */ = {isa = PBXBuildFile; fileRef = BA7788E12467497500545B8D /* UserDefaults+Extension.swift */; };
		BA7788E424674C4200545B8D /* FirstLaunch.storyboard in Resources */ = {isa = PBXBuildFile; fileRef = BA7788E324674C4200545B8D /* FirstLaunch.storyboard */; };
		BA7788E724674DB400545B8D /* FirstPresentViewController.swift in Sources */ = {isa = PBXBuildFile; fileRef = BA7788E624674DB400545B8D /* FirstPresentViewController.swift */; };
		BA7788E924674DC400545B8D /* FirstUsernameViewController.swift in Sources */ = {isa = PBXBuildFile; fileRef = BA7788E824674DC400545B8D /* FirstUsernameViewController.swift */; };
		BA7788EB24674DD500545B8D /* FirstRegionViewController.swift in Sources */ = {isa = PBXBuildFile; fileRef = BA7788EA24674DD500545B8D /* FirstRegionViewController.swift */; };
		BA7788ED2467533600545B8D /* NewsTableViewCell.swift in Sources */ = {isa = PBXBuildFile; fileRef = BA7788EC2467533600545B8D /* NewsTableViewCell.swift */; };
		BA7788EF2467542900545B8D /* NewsViewControllerExtension.swift in Sources */ = {isa = PBXBuildFile; fileRef = BA7788EE2467542900545B8D /* NewsViewControllerExtension.swift */; };
		BA95FDAC2465E10A001E112A /* AppDelegate.swift in Sources */ = {isa = PBXBuildFile; fileRef = BA95FDAB2465E10A001E112A /* AppDelegate.swift */; };
		BA95FDAE2465E10A001E112A /* SceneDelegate.swift in Sources */ = {isa = PBXBuildFile; fileRef = BA95FDAD2465E10A001E112A /* SceneDelegate.swift */; };
		BA95FDB32465E10A001E112A /* Main.storyboard in Resources */ = {isa = PBXBuildFile; fileRef = BA95FDB12465E10A001E112A /* Main.storyboard */; };
		BA95FDB52465E10E001E112A /* Assets.xcassets in Resources */ = {isa = PBXBuildFile; fileRef = BA95FDB42465E10E001E112A /* Assets.xcassets */; };
		BA95FDB82465E10E001E112A /* LaunchScreen.storyboard in Resources */ = {isa = PBXBuildFile; fileRef = BA95FDB62465E10E001E112A /* LaunchScreen.storyboard */; };
		BAA305CC2469782F0042EE97 /* NewsItemViewController.swift in Sources */ = {isa = PBXBuildFile; fileRef = BAA305CB2469782F0042EE97 /* NewsItemViewController.swift */; };
		BAA305CF2469B7210042EE97 /* FirebaseService.swift in Sources */ = {isa = PBXBuildFile; fileRef = BAA305CE2469B7210042EE97 /* FirebaseService.swift */; };
		BAAE50A52468550000979F2D /* GoogleService-Info.plist in Resources */ = {isa = PBXBuildFile; fileRef = BAAE50A42468550000979F2D /* GoogleService-Info.plist */; };
		BAC41B8524688BB700DAEAA4 /* NewsItem.swift in Sources */ = {isa = PBXBuildFile; fileRef = BAC41B8424688BB700DAEAA4 /* NewsItem.swift */; };
		BAEB5703246DBFF600DB3E57 /* String+Extension.swift in Sources */ = {isa = PBXBuildFile; fileRef = BAEB5702246DBFF600DB3E57 /* String+Extension.swift */; };
		BAEB5705246DF2B600DB3E57 /* HandbookTableViewCell.swift in Sources */ = {isa = PBXBuildFile; fileRef = BAEB5704246DF2B600DB3E57 /* HandbookTableViewCell.swift */; };
		BAEB5707246DF2E500DB3E57 /* HandbookCollectionViewCell.swift in Sources */ = {isa = PBXBuildFile; fileRef = BAEB5706246DF2E500DB3E57 /* HandbookCollectionViewCell.swift */; };
		BAEB5709246DF30700DB3E57 /* HandbookViewController.swift in Sources */ = {isa = PBXBuildFile; fileRef = BAEB5708246DF30700DB3E57 /* HandbookViewController.swift */; };
/* End PBXBuildFile section */

/* Begin PBXFileReference section */
		9D5908EE33800C9506C4A98C /* Pods-RecycleProject.debug.xcconfig */ = {isa = PBXFileReference; includeInIndex = 1; lastKnownFileType = text.xcconfig; name = "Pods-RecycleProject.debug.xcconfig"; path = "Target Support Files/Pods-RecycleProject/Pods-RecycleProject.debug.xcconfig"; sourceTree = "<group>"; };
		BA47BBB3246ABD4B00218493 /* SettingsTableViewController.swift */ = {isa = PBXFileReference; lastKnownFileType = sourcecode.swift; path = SettingsTableViewController.swift; sourceTree = "<group>"; };
		BA47BBB9246B038000218493 /* RegionViewController.swift */ = {isa = PBXFileReference; lastKnownFileType = sourcecode.swift; path = RegionViewController.swift; sourceTree = "<group>"; };
		BA47BBBB246B041800218493 /* Region.swift */ = {isa = PBXFileReference; lastKnownFileType = sourcecode.swift; path = Region.swift; sourceTree = "<group>"; };
		BA47BBBD246B332500218493 /* Publisher.swift */ = {isa = PBXFileReference; lastKnownFileType = sourcecode.swift; path = Publisher.swift; sourceTree = "<group>"; };
		BA47BBC5246B545B00218493 /* Settings.swift */ = {isa = PBXFileReference; lastKnownFileType = sourcecode.swift; path = Settings.swift; sourceTree = "<group>"; };
		BA47BBC7246B5CB400218493 /* PublisherViewController.swift */ = {isa = PBXFileReference; lastKnownFileType = sourcecode.swift; path = PublisherViewController.swift; sourceTree = "<group>"; };
		BA7788DC2467485600545B8D /* NewsViewController.swift */ = {isa = PBXFileReference; lastKnownFileType = sourcecode.swift; path = NewsViewController.swift; sourceTree = "<group>"; };
		BA7788E12467497500545B8D /* UserDefaults+Extension.swift */ = {isa = PBXFileReference; lastKnownFileType = sourcecode.swift; path = "UserDefaults+Extension.swift"; sourceTree = "<group>"; };
		BA7788E324674C4200545B8D /* FirstLaunch.storyboard */ = {isa = PBXFileReference; lastKnownFileType = file.storyboard; path = FirstLaunch.storyboard; sourceTree = "<group>"; };
		BA7788E624674DB400545B8D /* FirstPresentViewController.swift */ = {isa = PBXFileReference; lastKnownFileType = sourcecode.swift; path = FirstPresentViewController.swift; sourceTree = "<group>"; };
		BA7788E824674DC400545B8D /* FirstUsernameViewController.swift */ = {isa = PBXFileReference; lastKnownFileType = sourcecode.swift; path = FirstUsernameViewController.swift; sourceTree = "<group>"; };
		BA7788EA24674DD500545B8D /* FirstRegionViewController.swift */ = {isa = PBXFileReference; lastKnownFileType = sourcecode.swift; path = FirstRegionViewController.swift; sourceTree = "<group>"; };
		BA7788EC2467533600545B8D /* NewsTableViewCell.swift */ = {isa = PBXFileReference; lastKnownFileType = sourcecode.swift; path = NewsTableViewCell.swift; sourceTree = "<group>"; };
		BA7788EE2467542900545B8D /* NewsViewControllerExtension.swift */ = {isa = PBXFileReference; lastKnownFileType = sourcecode.swift; path = NewsViewControllerExtension.swift; sourceTree = "<group>"; };
		BA95FDA82465E10A001E112A /* Ресайкл.app */ = {isa = PBXFileReference; explicitFileType = wrapper.application; includeInIndex = 0; path = "Ресайкл.app"; sourceTree = BUILT_PRODUCTS_DIR; };
		BA95FDAB2465E10A001E112A /* AppDelegate.swift */ = {isa = PBXFileReference; lastKnownFileType = sourcecode.swift; path = AppDelegate.swift; sourceTree = "<group>"; };
		BA95FDAD2465E10A001E112A /* SceneDelegate.swift */ = {isa = PBXFileReference; lastKnownFileType = sourcecode.swift; path = SceneDelegate.swift; sourceTree = "<group>"; };
		BA95FDB22465E10A001E112A /* Base */ = {isa = PBXFileReference; lastKnownFileType = file.storyboard; name = Base; path = Base.lproj/Main.storyboard; sourceTree = "<group>"; };
		BA95FDB42465E10E001E112A /* Assets.xcassets */ = {isa = PBXFileReference; lastKnownFileType = folder.assetcatalog; path = Assets.xcassets; sourceTree = "<group>"; };
		BA95FDB72465E10E001E112A /* Base */ = {isa = PBXFileReference; lastKnownFileType = file.storyboard; name = Base; path = Base.lproj/LaunchScreen.storyboard; sourceTree = "<group>"; };
		BA95FDB92465E10E001E112A /* Info.plist */ = {isa = PBXFileReference; lastKnownFileType = text.plist.xml; path = Info.plist; sourceTree = "<group>"; };
		BAA305CB2469782F0042EE97 /* NewsItemViewController.swift */ = {isa = PBXFileReference; lastKnownFileType = sourcecode.swift; path = NewsItemViewController.swift; sourceTree = "<group>"; };
		BAA305CE2469B7210042EE97 /* FirebaseService.swift */ = {isa = PBXFileReference; lastKnownFileType = sourcecode.swift; path = FirebaseService.swift; sourceTree = "<group>"; };
		BAAE50A42468550000979F2D /* GoogleService-Info.plist */ = {isa = PBXFileReference; fileEncoding = 4; lastKnownFileType = text.plist.xml; path = "GoogleService-Info.plist"; sourceTree = "<group>"; };
		BAC41B8424688BB700DAEAA4 /* NewsItem.swift */ = {isa = PBXFileReference; lastKnownFileType = sourcecode.swift; path = NewsItem.swift; sourceTree = "<group>"; };
		BAEB5702246DBFF600DB3E57 /* String+Extension.swift */ = {isa = PBXFileReference; lastKnownFileType = sourcecode.swift; path = "String+Extension.swift"; sourceTree = "<group>"; };
		BAEB5704246DF2B600DB3E57 /* HandbookTableViewCell.swift */ = {isa = PBXFileReference; lastKnownFileType = sourcecode.swift; path = HandbookTableViewCell.swift; sourceTree = "<group>"; };
		BAEB5706246DF2E500DB3E57 /* HandbookCollectionViewCell.swift */ = {isa = PBXFileReference; lastKnownFileType = sourcecode.swift; path = HandbookCollectionViewCell.swift; sourceTree = "<group>"; };
		BAEB5708246DF30700DB3E57 /* HandbookViewController.swift */ = {isa = PBXFileReference; lastKnownFileType = sourcecode.swift; path = HandbookViewController.swift; sourceTree = "<group>"; };
		C9C22BC092EBB98058483472 /* Pods_RecycleProject.framework */ = {isa = PBXFileReference; explicitFileType = wrapper.framework; includeInIndex = 0; path = Pods_RecycleProject.framework; sourceTree = BUILT_PRODUCTS_DIR; };
		FF6580FD979C52371D7A7A34 /* Pods-RecycleProject.release.xcconfig */ = {isa = PBXFileReference; includeInIndex = 1; lastKnownFileType = text.xcconfig; name = "Pods-RecycleProject.release.xcconfig"; path = "Target Support Files/Pods-RecycleProject/Pods-RecycleProject.release.xcconfig"; sourceTree = "<group>"; };
/* End PBXFileReference section */

/* Begin PBXFrameworksBuildPhase section */
		BA95FDA52465E10A001E112A /* Frameworks */ = {
			isa = PBXFrameworksBuildPhase;
			buildActionMask = 2147483647;
			files = (
				5029F145AF08780B5160089D /* Pods_RecycleProject.framework in Frameworks */,
			);
			runOnlyForDeploymentPostprocessing = 0;
		};
/* End PBXFrameworksBuildPhase section */

/* Begin PBXGroup section */
		1930FF25F88DFB359C23ACEB /* Frameworks */ = {
			isa = PBXGroup;
			children = (
				C9C22BC092EBB98058483472 /* Pods_RecycleProject.framework */,
			);
			name = Frameworks;
			sourceTree = "<group>";
		};
		BA7788E02467496100545B8D /* Extensions */ = {
			isa = PBXGroup;
			children = (
				BA7788E12467497500545B8D /* UserDefaults+Extension.swift */,
				BAEB5702246DBFF600DB3E57 /* String+Extension.swift */,
			);
			path = Extensions;
			sourceTree = "<group>";
		};
		BA7788E524674D7E00545B8D /* FirstLaunch */ = {
			isa = PBXGroup;
			children = (
				BA7788E624674DB400545B8D /* FirstPresentViewController.swift */,
				BA7788E824674DC400545B8D /* FirstUsernameViewController.swift */,
				BA7788EA24674DD500545B8D /* FirstRegionViewController.swift */,
			);
			path = FirstLaunch;
			sourceTree = "<group>";
		};
		BA95FD9F2465E10A001E112A = {
			isa = PBXGroup;
			children = (
				BA95FDAA2465E10A001E112A /* RecycleProject */,
				BA95FDA92465E10A001E112A /* Products */,
				D9CF15E8D19AF70AF4EF7F7E /* Pods */,
				1930FF25F88DFB359C23ACEB /* Frameworks */,
			);
			sourceTree = "<group>";
		};
		BA95FDA92465E10A001E112A /* Products */ = {
			isa = PBXGroup;
			children = (
				BA95FDA82465E10A001E112A /* Ресайкл.app */,
			);
			name = Products;
			sourceTree = "<group>";
		};
		BA95FDAA2465E10A001E112A /* RecycleProject */ = {
			isa = PBXGroup;
			children = (
				BAA305CD2469B6F30042EE97 /* Service */,
				BA7788E02467496100545B8D /* Extensions */,
				BA95FDBF24661950001E112A /* Model */,
				BA95FDC024661957001E112A /* View */,
				BA95FDC12466195C001E112A /* Contoller */,
				BA95FDC224661965001E112A /* Supporting files */,
			);
			path = RecycleProject;
			sourceTree = "<group>";
		};
		BA95FDBF24661950001E112A /* Model */ = {
			isa = PBXGroup;
			children = (
				BAC41B8424688BB700DAEAA4 /* NewsItem.swift */,
				BA47BBBB246B041800218493 /* Region.swift */,
				BA47BBBD246B332500218493 /* Publisher.swift */,
				BA47BBC5246B545B00218493 /* Settings.swift */,
			);
			path = Model;
			sourceTree = "<group>";
		};
		BA95FDC024661957001E112A /* View */ = {
			isa = PBXGroup;
			children = (
				BA95FDB12465E10A001E112A /* Main.storyboard */,
				BA7788E324674C4200545B8D /* FirstLaunch.storyboard */,
				BA7788EC2467533600545B8D /* NewsTableViewCell.swift */,
				BAEB5704246DF2B600DB3E57 /* HandbookTableViewCell.swift */,
				BAEB5706246DF2E500DB3E57 /* HandbookCollectionViewCell.swift */,
			);
			path = View;
			sourceTree = "<group>";
		};
		BA95FDC12466195C001E112A /* Contoller */ = {
			isa = PBXGroup;
			children = (
				BA7788E524674D7E00545B8D /* FirstLaunch */,
				BA7788DC2467485600545B8D /* NewsViewController.swift */,
				BA7788EE2467542900545B8D /* NewsViewControllerExtension.swift */,
				BAA305CB2469782F0042EE97 /* NewsItemViewController.swift */,
				BA47BBB3246ABD4B00218493 /* SettingsTableViewController.swift */,
				BA47BBB9246B038000218493 /* RegionViewController.swift */,
				BA47BBC7246B5CB400218493 /* PublisherViewController.swift */,
				BAEB5708246DF30700DB3E57 /* HandbookViewController.swift */,
			);
			path = Contoller;
			sourceTree = "<group>";
		};
		BA95FDC224661965001E112A /* Supporting files */ = {
			isa = PBXGroup;
			children = (
				BA95FDAB2465E10A001E112A /* AppDelegate.swift */,
				BA95FDAD2465E10A001E112A /* SceneDelegate.swift */,
				BA95FDB42465E10E001E112A /* Assets.xcassets */,
				BA95FDB62465E10E001E112A /* LaunchScreen.storyboard */,
				BAAE50A42468550000979F2D /* GoogleService-Info.plist */,
				BA95FDB92465E10E001E112A /* Info.plist */,
			);
			path = "Supporting files";
			sourceTree = "<group>";
		};
		BAA305CD2469B6F30042EE97 /* Service */ = {
			isa = PBXGroup;
			children = (
				BAA305CE2469B7210042EE97 /* FirebaseService.swift */,
			);
			path = Service;
			sourceTree = "<group>";
		};
		D9CF15E8D19AF70AF4EF7F7E /* Pods */ = {
			isa = PBXGroup;
			children = (
				9D5908EE33800C9506C4A98C /* Pods-RecycleProject.debug.xcconfig */,
				FF6580FD979C52371D7A7A34 /* Pods-RecycleProject.release.xcconfig */,
			);
			path = Pods;
			sourceTree = "<group>";
		};
/* End PBXGroup section */

/* Begin PBXNativeTarget section */
		BA95FDA72465E10A001E112A /* RecycleProject */ = {
			isa = PBXNativeTarget;
			buildConfigurationList = BA95FDBC2465E10E001E112A /* Build configuration list for PBXNativeTarget "RecycleProject" */;
			buildPhases = (
				B0DF82E32F53AE68D7AA4857 /* [CP] Check Pods Manifest.lock */,
				BA95FDA42465E10A001E112A /* Sources */,
				BA95FDA52465E10A001E112A /* Frameworks */,
				BA95FDA62465E10A001E112A /* Resources */,
				C30ABCC4E9E9ED29472F80AA /* [CP] Embed Pods Frameworks */,
			);
			buildRules = (
			);
			dependencies = (
			);
			name = RecycleProject;
			productName = RecycleProject;
			productReference = BA95FDA82465E10A001E112A /* Ресайкл.app */;
			productType = "com.apple.product-type.application";
		};
/* End PBXNativeTarget section */

/* Begin PBXProject section */
		BA95FDA02465E10A001E112A /* Project object */ = {
			isa = PBXProject;
			attributes = {
				LastSwiftUpdateCheck = 1140;
				LastUpgradeCheck = 1140;
				ORGANIZATIONNAME = Artemiy;
				TargetAttributes = {
					BA95FDA72465E10A001E112A = {
						CreatedOnToolsVersion = 11.4;
					};
				};
			};
			buildConfigurationList = BA95FDA32465E10A001E112A /* Build configuration list for PBXProject "RecycleProject" */;
			compatibilityVersion = "Xcode 9.3";
			developmentRegion = en;
			hasScannedForEncodings = 0;
			knownRegions = (
				en,
				Base,
			);
			mainGroup = BA95FD9F2465E10A001E112A;
			productRefGroup = BA95FDA92465E10A001E112A /* Products */;
			projectDirPath = "";
			projectRoot = "";
			targets = (
				BA95FDA72465E10A001E112A /* RecycleProject */,
			);
		};
/* End PBXProject section */

/* Begin PBXResourcesBuildPhase section */
		BA95FDA62465E10A001E112A /* Resources */ = {
			isa = PBXResourcesBuildPhase;
			buildActionMask = 2147483647;
			files = (
				BA95FDB82465E10E001E112A /* LaunchScreen.storyboard in Resources */,
				BA7788E424674C4200545B8D /* FirstLaunch.storyboard in Resources */,
				BAAE50A52468550000979F2D /* GoogleService-Info.plist in Resources */,
				BA95FDB52465E10E001E112A /* Assets.xcassets in Resources */,
				BA95FDB32465E10A001E112A /* Main.storyboard in Resources */,
			);
			runOnlyForDeploymentPostprocessing = 0;
		};
/* End PBXResourcesBuildPhase section */

/* Begin PBXShellScriptBuildPhase section */
		B0DF82E32F53AE68D7AA4857 /* [CP] Check Pods Manifest.lock */ = {
			isa = PBXShellScriptBuildPhase;
			buildActionMask = 2147483647;
			files = (
			);
			inputFileListPaths = (
			);
			inputPaths = (
				"${PODS_PODFILE_DIR_PATH}/Podfile.lock",
				"${PODS_ROOT}/Manifest.lock",
			);
			name = "[CP] Check Pods Manifest.lock";
			outputFileListPaths = (
			);
			outputPaths = (
				"$(DERIVED_FILE_DIR)/Pods-RecycleProject-checkManifestLockResult.txt",
			);
			runOnlyForDeploymentPostprocessing = 0;
			shellPath = /bin/sh;
			shellScript = "diff \"${PODS_PODFILE_DIR_PATH}/Podfile.lock\" \"${PODS_ROOT}/Manifest.lock\" > /dev/null\nif [ $? != 0 ] ; then\n    # print error to STDERR\n    echo \"error: The sandbox is not in sync with the Podfile.lock. Run 'pod install' or update your CocoaPods installation.\" >&2\n    exit 1\nfi\n# This output is used by Xcode 'outputs' to avoid re-running this script phase.\necho \"SUCCESS\" > \"${SCRIPT_OUTPUT_FILE_0}\"\n";
			showEnvVarsInLog = 0;
		};
		C30ABCC4E9E9ED29472F80AA /* [CP] Embed Pods Frameworks */ = {
			isa = PBXShellScriptBuildPhase;
			buildActionMask = 2147483647;
			files = (
			);
			inputFileListPaths = (
				"${PODS_ROOT}/Target Support Files/Pods-RecycleProject/Pods-RecycleProject-frameworks-${CONFIGURATION}-input-files.xcfilelist",
			);
			name = "[CP] Embed Pods Frameworks";
			outputFileListPaths = (
				"${PODS_ROOT}/Target Support Files/Pods-RecycleProject/Pods-RecycleProject-frameworks-${CONFIGURATION}-output-files.xcfilelist",
			);
			runOnlyForDeploymentPostprocessing = 0;
			shellPath = /bin/sh;
			shellScript = "\"${PODS_ROOT}/Target Support Files/Pods-RecycleProject/Pods-RecycleProject-frameworks.sh\"\n";
			showEnvVarsInLog = 0;
		};
/* End PBXShellScriptBuildPhase section */

/* Begin PBXSourcesBuildPhase section */
		BA95FDA42465E10A001E112A /* Sources */ = {
			isa = PBXSourcesBuildPhase;
			buildActionMask = 2147483647;
			files = (
				BA95FDAC2465E10A001E112A /* AppDelegate.swift in Sources */,
				BAEB5703246DBFF600DB3E57 /* String+Extension.swift in Sources */,
				BA47BBB4246ABD4B00218493 /* SettingsTableViewController.swift in Sources */,
				BA7788EF2467542900545B8D /* NewsViewControllerExtension.swift in Sources */,
				BA47BBC6246B545B00218493 /* Settings.swift in Sources */,
				BA7788E724674DB400545B8D /* FirstPresentViewController.swift in Sources */,
				BA47BBBA246B038000218493 /* RegionViewController.swift in Sources */,
				BA7788ED2467533600545B8D /* NewsTableViewCell.swift in Sources */,
				BAEB5709246DF30700DB3E57 /* HandbookViewController.swift in Sources */,
				BAA305CC2469782F0042EE97 /* NewsItemViewController.swift in Sources */,
				BA95FDAE2465E10A001E112A /* SceneDelegate.swift in Sources */,
				BA47BBBE246B332500218493 /* Publisher.swift in Sources */,
				BAA305CF2469B7210042EE97 /* FirebaseService.swift in Sources */,
				BA7788E22467497500545B8D /* UserDefaults+Extension.swift in Sources */,
				BAEB5707246DF2E500DB3E57 /* HandbookCollectionViewCell.swift in Sources */,
				BA47BBBC246B041800218493 /* Region.swift in Sources */,
				BA7788DD2467485600545B8D /* NewsViewController.swift in Sources */,
				BAEB5705246DF2B600DB3E57 /* HandbookTableViewCell.swift in Sources */,
				BAC41B8524688BB700DAEAA4 /* NewsItem.swift in Sources */,
				BA7788E924674DC400545B8D /* FirstUsernameViewController.swift in Sources */,
				BA7788EB24674DD500545B8D /* FirstRegionViewController.swift in Sources */,
				BA47BBC8246B5CB400218493 /* PublisherViewController.swift in Sources */,
			);
			runOnlyForDeploymentPostprocessing = 0;
		};
/* End PBXSourcesBuildPhase section */

/* Begin PBXVariantGroup section */
		BA95FDB12465E10A001E112A /* Main.storyboard */ = {
			isa = PBXVariantGroup;
			children = (
				BA95FDB22465E10A001E112A /* Base */,
			);
			name = Main.storyboard;
			sourceTree = "<group>";
		};
		BA95FDB62465E10E001E112A /* LaunchScreen.storyboard */ = {
			isa = PBXVariantGroup;
			children = (
				BA95FDB72465E10E001E112A /* Base */,
			);
			name = LaunchScreen.storyboard;
			sourceTree = "<group>";
		};
/* End PBXVariantGroup section */

/* Begin XCBuildConfiguration section */
		BA95FDBA2465E10E001E112A /* Debug */ = {
			isa = XCBuildConfiguration;
			buildSettings = {
				ALWAYS_SEARCH_USER_PATHS = NO;
				CLANG_ANALYZER_NONNULL = YES;
				CLANG_ANALYZER_NUMBER_OBJECT_CONVERSION = YES_AGGRESSIVE;
				CLANG_CXX_LANGUAGE_STANDARD = "gnu++14";
				CLANG_CXX_LIBRARY = "libc++";
				CLANG_ENABLE_MODULES = YES;
				CLANG_ENABLE_OBJC_ARC = YES;
				CLANG_ENABLE_OBJC_WEAK = YES;
				CLANG_WARN_BLOCK_CAPTURE_AUTORELEASING = YES;
				CLANG_WARN_BOOL_CONVERSION = YES;
				CLANG_WARN_COMMA = YES;
				CLANG_WARN_CONSTANT_CONVERSION = YES;
				CLANG_WARN_DEPRECATED_OBJC_IMPLEMENTATIONS = YES;
				CLANG_WARN_DIRECT_OBJC_ISA_USAGE = YES_ERROR;
				CLANG_WARN_DOCUMENTATION_COMMENTS = YES;
				CLANG_WARN_EMPTY_BODY = YES;
				CLANG_WARN_ENUM_CONVERSION = YES;
				CLANG_WARN_INFINITE_RECURSION = YES;
				CLANG_WARN_INT_CONVERSION = YES;
				CLANG_WARN_NON_LITERAL_NULL_CONVERSION = YES;
				CLANG_WARN_OBJC_IMPLICIT_RETAIN_SELF = YES;
				CLANG_WARN_OBJC_LITERAL_CONVERSION = YES;
				CLANG_WARN_OBJC_ROOT_CLASS = YES_ERROR;
				CLANG_WARN_RANGE_LOOP_ANALYSIS = YES;
				CLANG_WARN_STRICT_PROTOTYPES = YES;
				CLANG_WARN_SUSPICIOUS_MOVE = YES;
				CLANG_WARN_UNGUARDED_AVAILABILITY = YES_AGGRESSIVE;
				CLANG_WARN_UNREACHABLE_CODE = YES;
				CLANG_WARN__DUPLICATE_METHOD_MATCH = YES;
				COPY_PHASE_STRIP = NO;
				DEBUG_INFORMATION_FORMAT = dwarf;
				ENABLE_STRICT_OBJC_MSGSEND = YES;
				ENABLE_TESTABILITY = YES;
				GCC_C_LANGUAGE_STANDARD = gnu11;
				GCC_DYNAMIC_NO_PIC = NO;
				GCC_NO_COMMON_BLOCKS = YES;
				GCC_OPTIMIZATION_LEVEL = 0;
				GCC_PREPROCESSOR_DEFINITIONS = (
					"DEBUG=1",
					"$(inherited)",
				);
				GCC_WARN_64_TO_32_BIT_CONVERSION = YES;
				GCC_WARN_ABOUT_RETURN_TYPE = YES_ERROR;
				GCC_WARN_UNDECLARED_SELECTOR = YES;
				GCC_WARN_UNINITIALIZED_AUTOS = YES_AGGRESSIVE;
				GCC_WARN_UNUSED_FUNCTION = YES;
				GCC_WARN_UNUSED_VARIABLE = YES;
				IPHONEOS_DEPLOYMENT_TARGET = 13.4;
				MTL_ENABLE_DEBUG_INFO = INCLUDE_SOURCE;
				MTL_FAST_MATH = YES;
				ONLY_ACTIVE_ARCH = YES;
				SDKROOT = iphoneos;
				SWIFT_ACTIVE_COMPILATION_CONDITIONS = DEBUG;
				SWIFT_OPTIMIZATION_LEVEL = "-Onone";
			};
			name = Debug;
		};
		BA95FDBB2465E10E001E112A /* Release */ = {
			isa = XCBuildConfiguration;
			buildSettings = {
				ALWAYS_SEARCH_USER_PATHS = NO;
				CLANG_ANALYZER_NONNULL = YES;
				CLANG_ANALYZER_NUMBER_OBJECT_CONVERSION = YES_AGGRESSIVE;
				CLANG_CXX_LANGUAGE_STANDARD = "gnu++14";
				CLANG_CXX_LIBRARY = "libc++";
				CLANG_ENABLE_MODULES = YES;
				CLANG_ENABLE_OBJC_ARC = YES;
				CLANG_ENABLE_OBJC_WEAK = YES;
				CLANG_WARN_BLOCK_CAPTURE_AUTORELEASING = YES;
				CLANG_WARN_BOOL_CONVERSION = YES;
				CLANG_WARN_COMMA = YES;
				CLANG_WARN_CONSTANT_CONVERSION = YES;
				CLANG_WARN_DEPRECATED_OBJC_IMPLEMENTATIONS = YES;
				CLANG_WARN_DIRECT_OBJC_ISA_USAGE = YES_ERROR;
				CLANG_WARN_DOCUMENTATION_COMMENTS = YES;
				CLANG_WARN_EMPTY_BODY = YES;
				CLANG_WARN_ENUM_CONVERSION = YES;
				CLANG_WARN_INFINITE_RECURSION = YES;
				CLANG_WARN_INT_CONVERSION = YES;
				CLANG_WARN_NON_LITERAL_NULL_CONVERSION = YES;
				CLANG_WARN_OBJC_IMPLICIT_RETAIN_SELF = YES;
				CLANG_WARN_OBJC_LITERAL_CONVERSION = YES;
				CLANG_WARN_OBJC_ROOT_CLASS = YES_ERROR;
				CLANG_WARN_RANGE_LOOP_ANALYSIS = YES;
				CLANG_WARN_STRICT_PROTOTYPES = YES;
				CLANG_WARN_SUSPICIOUS_MOVE = YES;
				CLANG_WARN_UNGUARDED_AVAILABILITY = YES_AGGRESSIVE;
				CLANG_WARN_UNREACHABLE_CODE = YES;
				CLANG_WARN__DUPLICATE_METHOD_MATCH = YES;
				COPY_PHASE_STRIP = NO;
				DEBUG_INFORMATION_FORMAT = "dwarf-with-dsym";
				ENABLE_NS_ASSERTIONS = NO;
				ENABLE_STRICT_OBJC_MSGSEND = YES;
				GCC_C_LANGUAGE_STANDARD = gnu11;
				GCC_NO_COMMON_BLOCKS = YES;
				GCC_WARN_64_TO_32_BIT_CONVERSION = YES;
				GCC_WARN_ABOUT_RETURN_TYPE = YES_ERROR;
				GCC_WARN_UNDECLARED_SELECTOR = YES;
				GCC_WARN_UNINITIALIZED_AUTOS = YES_AGGRESSIVE;
				GCC_WARN_UNUSED_FUNCTION = YES;
				GCC_WARN_UNUSED_VARIABLE = YES;
				IPHONEOS_DEPLOYMENT_TARGET = 13.4;
				MTL_ENABLE_DEBUG_INFO = NO;
				MTL_FAST_MATH = YES;
				SDKROOT = iphoneos;
				SWIFT_COMPILATION_MODE = wholemodule;
				SWIFT_OPTIMIZATION_LEVEL = "-O";
				VALIDATE_PRODUCT = YES;
			};
			name = Release;
		};
		BA95FDBD2465E10E001E112A /* Debug */ = {
			isa = XCBuildConfiguration;
			baseConfigurationReference = 9D5908EE33800C9506C4A98C /* Pods-RecycleProject.debug.xcconfig */;
			buildSettings = {
				ASSETCATALOG_COMPILER_APPICON_NAME = AppIcon;
				CODE_SIGN_STYLE = Automatic;
				DEVELOPMENT_TEAM = 7D9HCV7P57;
				INFOPLIST_FILE = "$(SRCROOT)/RecycleProject/Supporting files/Info.plist";
				LD_RUNPATH_SEARCH_PATHS = (
					"$(inherited)",
					"@executable_path/Frameworks",
				);
				PRODUCT_BUNDLE_IDENTIFIER = com.artemiy.RecycleProject;
				PRODUCT_NAME = "Ресайкл";
				SWIFT_VERSION = 5.0;
				TARGETED_DEVICE_FAMILY = "1,2";
			};
			name = Debug;
		};
		BA95FDBE2465E10E001E112A /* Release */ = {
			isa = XCBuildConfiguration;
			baseConfigurationReference = FF6580FD979C52371D7A7A34 /* Pods-RecycleProject.release.xcconfig */;
			buildSettings = {
				ASSETCATALOG_COMPILER_APPICON_NAME = AppIcon;
				CODE_SIGN_STYLE = Automatic;
				DEVELOPMENT_TEAM = 7D9HCV7P57;
				INFOPLIST_FILE = "$(SRCROOT)/RecycleProject/Supporting files/Info.plist";
				LD_RUNPATH_SEARCH_PATHS = (
					"$(inherited)",
					"@executable_path/Frameworks",
				);
				PRODUCT_BUNDLE_IDENTIFIER = com.artemiy.RecycleProject;
				PRODUCT_NAME = "Ресайкл";
				SWIFT_VERSION = 5.0;
				TARGETED_DEVICE_FAMILY = "1,2";
			};
			name = Release;
		};
/* End XCBuildConfiguration section */

/* Begin XCConfigurationList section */
		BA95FDA32465E10A001E112A /* Build configuration list for PBXProject "RecycleProject" */ = {
			isa = XCConfigurationList;
			buildConfigurations = (
				BA95FDBA2465E10E001E112A /* Debug */,
				BA95FDBB2465E10E001E112A /* Release */,
			);
			defaultConfigurationIsVisible = 0;
			defaultConfigurationName = Release;
		};
		BA95FDBC2465E10E001E112A /* Build configuration list for PBXNativeTarget "RecycleProject" */ = {
			isa = XCConfigurationList;
			buildConfigurations = (
				BA95FDBD2465E10E001E112A /* Debug */,
				BA95FDBE2465E10E001E112A /* Release */,
			);
			defaultConfigurationIsVisible = 0;
			defaultConfigurationName = Release;
		};
/* End XCConfigurationList section */
	};
	rootObject = BA95FDA02465E10A001E112A /* Project object */;
}
